
Microsoft Visual Studio Solution File, Format Version 12.00
# Visual Studio Version 16
VisualStudioVersion = 16.0.30517.126
MinimumVisualStudioVersion = 10.0.40219.1
Project("{FAE04EC0-301F-11D3-BF4B-00C04F79EFBC}") = "Lopta", "Lopta.csproj", "{082A3E90-A612-4828-8AA9-717F4F5697CC}"
EndProject
Global
	GlobalSection(SolutionConfigurationPlatforms) = preSolution
		Debug|Any CPU = Debug|Any CPU
		Release|Any CPU = Release|Any CPU
	EndGlobalSection
	GlobalSection(ProjectConfigurationPlatforms) = postSolution
		{082A3E90-A612-4828-8AA9-717F4F5697CC}.Debug|Any CPU.ActiveCfg = Debug|Any CPU
		{082A3E90-A612-4828-8AA9-717F4F5697CC}.Debug|Any CPU.Build.0 = Debug|Any CPU
		{082A3E90-A612-4828-8AA9-717F4F5697CC}.Release|Any CPU.ActiveCfg = Release|Any CPU
		{082A3E90-A612-4828-8AA9-717F4F5697CC}.Release|Any CPU.Build.0 = Release|Any CPU
	EndGlobalSection
	GlobalSection(SolutionProperties) = preSolution
		HideSolutionNode = FALSE
	EndGlobalSection
	GlobalSection(ExtensibilityGlobals) = postSolution
		SolutionGuid = {3D4DF0DB-6964-42FF-8BAD-80ED10D3545D}
	EndGlobalSection
EndGlobal
